
Microsoft Visual Studio Solution File, Format Version 12.00
# Visual Studio 15
VisualStudioVersion = 15.0.27703.2026
MinimumVisualStudioVersion = 10.0.40219.1
Project("{FAE04EC0-301F-11D3-BF4B-00C04F79EFBC}") = "m1401", "m1401\m1401.csproj", "{EA7B1384-1B7F-4D1F-9E10-D670E0A574FC}"
EndProject
Project("{FAE04EC0-301F-11D3-BF4B-00C04F79EFBC}") = "m1401.Tests", "m1401.Tests\m1401.Tests.csproj", "{D94CF075-59D6-44AA-BE8D-94C493CD6B13}"
EndProject
Global
	GlobalSection(SolutionConfigurationPlatforms) = preSolution
		Debug|Any CPU = Debug|Any CPU
		Release|Any CPU = Release|Any CPU
	EndGlobalSection
	GlobalSection(ProjectConfigurationPlatforms) = postSolution
		{EA7B1384-1B7F-4D1F-9E10-D670E0A574FC}.Debug|Any CPU.ActiveCfg = Debug|Any CPU
		{EA7B1384-1B7F-4D1F-9E10-D670E0A574FC}.Debug|Any CPU.Build.0 = Debug|Any CPU
		{EA7B1384-1B7F-4D1F-9E10-D670E0A574FC}.Release|Any CPU.ActiveCfg = Release|Any CPU
		{EA7B1384-1B7F-4D1F-9E10-D670E0A574FC}.Release|Any CPU.Build.0 = Release|Any CPU
		{D94CF075-59D6-44AA-BE8D-94C493CD6B13}.Debug|Any CPU.ActiveCfg = Debug|Any CPU
		{D94CF075-59D6-44AA-BE8D-94C493CD6B13}.Debug|Any CPU.Build.0 = Debug|Any CPU
		{D94CF075-59D6-44AA-BE8D-94C493CD6B13}.Release|Any CPU.ActiveCfg = Release|Any CPU
		{D94CF075-59D6-44AA-BE8D-94C493CD6B13}.Release|Any CPU.Build.0 = Release|Any CPU
	EndGlobalSection
	GlobalSection(SolutionProperties) = preSolution
		HideSolutionNode = FALSE
	EndGlobalSection
	GlobalSection(ExtensibilityGlobals) = postSolution
		SolutionGuid = {177C8713-6B57-4819-9F9F-63D70639B2C1}
	EndGlobalSection
EndGlobal
